
Microsoft Visual Studio Solution File, Format Version 12.00
# Visual Studio Version 17
VisualStudioVersion = 17.7.34024.191
MinimumVisualStudioVersion = 10.0.40219.1
Project("{FAE04EC0-301F-11D3-BF4B-00C04F79EFBC}") = "YBRefund", "YBRefund\YBRefund.csproj", "{15906510-F260-4734-A9A7-C2D39B6FDEE0}"
EndProject
Project("{9A19103F-16F7-4668-BE54-9A1E7A4F7556}") = "Soft.Core", "F:\dingdingfile\3PaaSZZJ\Soft.Core\Soft.Core.csproj", "{7C46CA15-4C72-44C3-93A1-2CA09C443595}"
EndProject
Project("{9A19103F-16F7-4668-BE54-9A1E7A4F7556}") = "PasS.Base.Lib", "F:\dingdingfile\3PaaSZZJ\PasS.Base.Lib\PasS.Base.Lib.csproj", "{A28E3875-A055-4AC5-BE37-578C3857C9ED}"
EndProject
Project("{9A19103F-16F7-4668-BE54-9A1E7A4F7556}") = "DB.Core", "F:\dingdingfile\3PaaSZZJ\DB.Core\DB.Core.csproj", "{01BFD185-E6AA-48E5-A2B2-8AACD5BE1334}"
EndProject
Project("{9A19103F-16F7-4668-BE54-9A1E7A4F7556}") = "Log.Core", "F:\dingdingfile\3PaaSZZJ\Log.Core\Log.Core.csproj", "{C7C0C4A6-2FB6-443F-80E5-AC7F23E275FA}"
EndProject
Global
	GlobalSection(SolutionConfigurationPlatforms) = preSolution
		Debug|Any CPU = Debug|Any CPU
		Release|Any CPU = Release|Any CPU
	EndGlobalSection
	GlobalSection(ProjectConfigurationPlatforms) = postSolution
		{15906510-F260-4734-A9A7-C2D39B6FDEE0}.Debug|Any CPU.ActiveCfg = Debug|Any CPU
		{15906510-F260-4734-A9A7-C2D39B6FDEE0}.Debug|Any CPU.Build.0 = Debug|Any CPU
		{15906510-F260-4734-A9A7-C2D39B6FDEE0}.Release|Any CPU.ActiveCfg = Release|Any CPU
		{15906510-F260-4734-A9A7-C2D39B6FDEE0}.Release|Any CPU.Build.0 = Release|Any CPU
		{7C46CA15-4C72-44C3-93A1-2CA09C443595}.Debug|Any CPU.ActiveCfg = Debug|Any CPU
		{7C46CA15-4C72-44C3-93A1-2CA09C443595}.Debug|Any CPU.Build.0 = Debug|Any CPU
		{7C46CA15-4C72-44C3-93A1-2CA09C443595}.Release|Any CPU.ActiveCfg = Release|Any CPU
		{7C46CA15-4C72-44C3-93A1-2CA09C443595}.Release|Any CPU.Build.0 = Release|Any CPU
		{A28E3875-A055-4AC5-BE37-578C3857C9ED}.Debug|Any CPU.ActiveCfg = Debug|Any CPU
		{A28E3875-A055-4AC5-BE37-578C3857C9ED}.Debug|Any CPU.Build.0 = Debug|Any CPU
		{A28E3875-A055-4AC5-BE37-578C3857C9ED}.Release|Any CPU.ActiveCfg = Release|Any CPU
		{A28E3875-A055-4AC5-BE37-578C3857C9ED}.Release|Any CPU.Build.0 = Release|Any CPU
		{01BFD185-E6AA-48E5-A2B2-8AACD5BE1334}.Debug|Any CPU.ActiveCfg = Debug|Any CPU
		{01BFD185-E6AA-48E5-A2B2-8AACD5BE1334}.Debug|Any CPU.Build.0 = Debug|Any CPU
		{01BFD185-E6AA-48E5-A2B2-8AACD5BE1334}.Release|Any CPU.ActiveCfg = Release|Any CPU
		{01BFD185-E6AA-48E5-A2B2-8AACD5BE1334}.Release|Any CPU.Build.0 = Release|Any CPU
		{C7C0C4A6-2FB6-443F-80E5-AC7F23E275FA}.Debug|Any CPU.ActiveCfg = Debug|Any CPU
		{C7C0C4A6-2FB6-443F-80E5-AC7F23E275FA}.Debug|Any CPU.Build.0 = Debug|Any CPU
		{C7C0C4A6-2FB6-443F-80E5-AC7F23E275FA}.Release|Any CPU.ActiveCfg = Release|Any CPU
		{C7C0C4A6-2FB6-443F-80E5-AC7F23E275FA}.Release|Any CPU.Build.0 = Release|Any CPU
	EndGlobalSection
	GlobalSection(SolutionProperties) = preSolution
		HideSolutionNode = FALSE
	EndGlobalSection
	GlobalSection(ExtensibilityGlobals) = postSolution
		SolutionGuid = {807501EE-710B-4691-8C91-A11A30969DBF}
	EndGlobalSection
EndGlobal
